
Microsoft Visual Studio Solution File, Format Version 12.00
# Visual Studio 2013
VisualStudioVersion = 12.0.21005.1
MinimumVisualStudioVersion = 10.0.40219.1
Project("{8BC9CEB8-8B4A-11D0-8D11-00A0C91BC942}") = "Test", "Test\Test.vcxproj", "{D2073A88-CE17-4A7C-B14D-3957E82E4CB7}"
EndProject
Project("{8BC9CEB8-8B4A-11D0-8D11-00A0C91BC942}") = "CommonLib", "CommonLib\CommonLib.vcxproj", "{E26C0BAA-3526-449C-B52D-32AE45BB632C}"
EndProject
Project("{8BC9CEB8-8B4A-11D0-8D11-00A0C91BC942}") = "Tutorial02", "Tutorial02\Tutorial02.vcxproj", "{BCA7D454-F5CF-4122-A86E-B893DC3B2934}"
EndProject
Global
	GlobalSection(SolutionConfigurationPlatforms) = preSolution
		Debug|Win32 = Debug|Win32
		Release|Win32 = Release|Win32
	EndGlobalSection
	GlobalSection(ProjectConfigurationPlatforms) = postSolution
		{D2073A88-CE17-4A7C-B14D-3957E82E4CB7}.Debug|Win32.ActiveCfg = Debug|Win32
		{D2073A88-CE17-4A7C-B14D-3957E82E4CB7}.Debug|Win32.Build.0 = Debug|Win32
		{D2073A88-CE17-4A7C-B14D-3957E82E4CB7}.Release|Win32.ActiveCfg = Release|Win32
		{D2073A88-CE17-4A7C-B14D-3957E82E4CB7}.Release|Win32.Build.0 = Release|Win32
		{E26C0BAA-3526-449C-B52D-32AE45BB632C}.Debug|Win32.ActiveCfg = Debug|Win32
		{E26C0BAA-3526-449C-B52D-32AE45BB632C}.Debug|Win32.Build.0 = Debug|Win32
		{E26C0BAA-3526-449C-B52D-32AE45BB632C}.Release|Win32.ActiveCfg = Release|Win32
		{E26C0BAA-3526-449C-B52D-32AE45BB632C}.Release|Win32.Build.0 = Release|Win32
		{BCA7D454-F5CF-4122-A86E-B893DC3B2934}.Debug|Win32.ActiveCfg = Debug|Win32
		{BCA7D454-F5CF-4122-A86E-B893DC3B2934}.Debug|Win32.Build.0 = Debug|Win32
		{BCA7D454-F5CF-4122-A86E-B893DC3B2934}.Release|Win32.ActiveCfg = Release|Win32
		{BCA7D454-F5CF-4122-A86E-B893DC3B2934}.Release|Win32.Build.0 = Release|Win32
	EndGlobalSection
	GlobalSection(SolutionProperties) = preSolution
		HideSolutionNode = FALSE
	EndGlobalSection
EndGlobal
